
Microsoft Visual Studio Solution File, Format Version 12.00
# Visual Studio 15
VisualStudioVersion = 15.0.28307.645
MinimumVisualStudioVersion = 10.0.40219.1
Project("{FAE04EC0-301F-11D3-BF4B-00C04F79EFBC}") = "Calculator", "Calculator\Calculator.csproj", "{7BD78DBA-FFB6-495D-8169-9DCE2F2B1B43}"
EndProject
Global
	GlobalSection(SolutionConfigurationPlatforms) = preSolution
		Debug|Any CPU = Debug|Any CPU
		Release|Any CPU = Release|Any CPU
	EndGlobalSection
	GlobalSection(ProjectConfigurationPlatforms) = postSolution
		{7BD78DBA-FFB6-495D-8169-9DCE2F2B1B43}.Debug|Any CPU.ActiveCfg = Debug|Any CPU
		{7BD78DBA-FFB6-495D-8169-9DCE2F2B1B43}.Debug|Any CPU.Build.0 = Debug|Any CPU
		{7BD78DBA-FFB6-495D-8169-9DCE2F2B1B43}.Release|Any CPU.ActiveCfg = Release|Any CPU
		{7BD78DBA-FFB6-495D-8169-9DCE2F2B1B43}.Release|Any CPU.Build.0 = Release|Any CPU
	EndGlobalSection
	GlobalSection(SolutionProperties) = preSolution
		HideSolutionNode = FALSE
	EndGlobalSection
	GlobalSection(ExtensibilityGlobals) = postSolution
		SolutionGuid = {58FE9716-F66F-4889-A414-39E6CB693634}
	EndGlobalSection
EndGlobal
